
Microsoft Visual Studio Solution File, Format Version 12.00
# Visual Studio for Mac
Project("{FAE04EC0-301F-11D3-BF4B-00C04F79EFBC}") = "Touch Wizards", "Touch Wizards.csproj", "{336B35C4-057B-4CE8-76D8-757A6AE4E456}"
EndProject
Project("{FAE04EC0-301F-11D3-BF4B-00C04F79EFBC}") = "Touch Wizards.Editor", "Touch Wizards.Editor.csproj", "{F72B554C-0854-EE2C-E2B3-B52B01250BF3}"
EndProject
Global
	GlobalSection(SolutionConfigurationPlatforms) = preSolution
		Debug|Any CPU = Debug|Any CPU
		Release|Any CPU = Release|Any CPU
	EndGlobalSection
	GlobalSection(ProjectConfigurationPlatforms) = postSolution
		{336B35C4-057B-4CE8-76D8-757A6AE4E456}.Debug|Any CPU.ActiveCfg = Debug|Any CPU
		{336B35C4-057B-4CE8-76D8-757A6AE4E456}.Debug|Any CPU.Build.0 = Debug|Any CPU
		{336B35C4-057B-4CE8-76D8-757A6AE4E456}.Release|Any CPU.ActiveCfg = Release|Any CPU
		{336B35C4-057B-4CE8-76D8-757A6AE4E456}.Release|Any CPU.Build.0 = Release|Any CPU
		{F72B554C-0854-EE2C-E2B3-B52B01250BF3}.Debug|Any CPU.ActiveCfg = Debug|Any CPU
		{F72B554C-0854-EE2C-E2B3-B52B01250BF3}.Debug|Any CPU.Build.0 = Debug|Any CPU
		{F72B554C-0854-EE2C-E2B3-B52B01250BF3}.Release|Any CPU.ActiveCfg = Release|Any CPU
		{F72B554C-0854-EE2C-E2B3-B52B01250BF3}.Release|Any CPU.Build.0 = Release|Any CPU
	EndGlobalSection
	GlobalSection(SolutionProperties) = preSolution
		HideSolutionNode = FALSE
	EndGlobalSection
EndGlobal
