
Microsoft Visual Studio Solution File, Format Version 11.00
# Visual Studio 2010
Project("{FAE04EC0-301F-11D3-BF4B-00C04F79EFBC}") = "Touch Wizards 1", "Assembly-CSharp-firstpass.csproj", "{16583808-E3BB-2DCA-A0C6-66C31BD83F17}"
EndProject
Project("{FAE04EC0-301F-11D3-BF4B-00C04F79EFBC}") = "Touch Wizards 1", "Assembly-CSharp.csproj", "{CFC4A472-87CB-0CE9-A357-343567B46C9C}"
EndProject
Project("{FAE04EC0-301F-11D3-BF4B-00C04F79EFBC}") = "Touch Wizards 1", "Assembly-CSharp-Editor.csproj", "{A59F09CF-3E0E-BE64-16E1-864384165263}"
EndProject
Global
	GlobalSection(SolutionConfigurationPlatforms) = preSolution
		Debug|Any CPU = Debug|Any CPU
		Release|Any CPU = Release|Any CPU
	EndGlobalSection
	GlobalSection(ProjectConfigurationPlatforms) = postSolution
		{16583808-E3BB-2DCA-A0C6-66C31BD83F17}.Debug|Any CPU.ActiveCfg = Debug|Any CPU
		{16583808-E3BB-2DCA-A0C6-66C31BD83F17}.Debug|Any CPU.Build.0 = Debug|Any CPU
		{16583808-E3BB-2DCA-A0C6-66C31BD83F17}.Release|Any CPU.ActiveCfg = Release|Any CPU
		{16583808-E3BB-2DCA-A0C6-66C31BD83F17}.Release|Any CPU.Build.0 = Release|Any CPU
		{CFC4A472-87CB-0CE9-A357-343567B46C9C}.Debug|Any CPU.ActiveCfg = Debug|Any CPU
		{CFC4A472-87CB-0CE9-A357-343567B46C9C}.Debug|Any CPU.Build.0 = Debug|Any CPU
		{CFC4A472-87CB-0CE9-A357-343567B46C9C}.Release|Any CPU.ActiveCfg = Release|Any CPU
		{CFC4A472-87CB-0CE9-A357-343567B46C9C}.Release|Any CPU.Build.0 = Release|Any CPU
		{A59F09CF-3E0E-BE64-16E1-864384165263}.Debug|Any CPU.ActiveCfg = Debug|Any CPU
		{A59F09CF-3E0E-BE64-16E1-864384165263}.Debug|Any CPU.Build.0 = Debug|Any CPU
		{A59F09CF-3E0E-BE64-16E1-864384165263}.Release|Any CPU.ActiveCfg = Release|Any CPU
		{A59F09CF-3E0E-BE64-16E1-864384165263}.Release|Any CPU.Build.0 = Release|Any CPU
	EndGlobalSection
	GlobalSection(SolutionProperties) = preSolution
		HideSolutionNode = FALSE
	EndGlobalSection
	GlobalSection(MonoDevelopProperties) = preSolution
		StartupItem = Assembly-CSharp.csproj
	EndGlobalSection
EndGlobal
